# This file is automatically @generated by Cargo.
# It is not intended for manual editing.
[[package]]
name = "pmw1"
version = "0.2.0"
source = "registry+https://github.com/rust-lang/crates.io-index"
checksum = "4d876f7d2aef9cde011e416ab557a738388a05d3bd2812452833af415a561d57"

[[package]]
name = "raykit-instapricklies"
version = "0.1.0"
dependencies = [
 "pmw1",
]
